// !$*UTF8*$!
{
	archiveVersion = 1;
	classes = {
	};
	objectVersion = 46;
	objects = {

/* Begin PBXBuildFile section */
		2BC873A71C1DE61C00E32044 /* AppDelegate.swift in Sources */ = {isa = PBXBuildFile; fileRef = 2BC873A61C1DE61C00E32044 /* AppDelegate.swift */; };
		2BC873A91C1DE61C00E32044 /* ViewController.swift in Sources */ = {isa = PBXBuildFile; fileRef = 2BC873A81C1DE61C00E32044 /* ViewController.swift */; };
		2BC873AC1C1DE61C00E32044 /* Main.storyboard in Resources */ = {isa = PBXBuildFile; fileRef = 2BC873AA1C1DE61C00E32044 /* Main.storyboard */; };
		2BC873AE1C1DE61D00E32044 /* Assets.xcassets in Resources */ = {isa = PBXBuildFile; fileRef = 2BC873AD1C1DE61D00E32044 /* Assets.xcassets */; };
		2BC873B11C1DE61D00E32044 /* LaunchScreen.storyboard in Resources */ = {isa = PBXBuildFile; fileRef = 2BC873AF1C1DE61D00E32044 /* LaunchScreen.storyboard */; };
		2BC873BA1C1DE62D00E32044 /* View1.swift in Sources */ = {isa = PBXBuildFile; fileRef = 2BC873B81C1DE62D00E32044 /* View1.swift */; };
		2BC873BB1C1DE62D00E32044 /* View1.xib in Resources */ = {isa = PBXBuildFile; fileRef = 2BC873B91C1DE62D00E32044 /* View1.xib */; };
		2BC873C01C1DE87A00E32044 /* View2.swift in Sources */ = {isa = PBXBuildFile; fileRef = 2BC873BE1C1DE87A00E32044 /* View2.swift */; };
		2BC873C11C1DE87A00E32044 /* View2.xib in Resources */ = {isa = PBXBuildFile; fileRef = 2BC873BF1C1DE87A00E32044 /* View2.xib */; };
		2BC873C51C1DEA8F00E32044 /* View3.swift in Sources */ = {isa = PBXBuildFile; fileRef = 2BC873C31C1DEA8F00E32044 /* View3.swift */; };
		2BC873C61C1DEA8F00E32044 /* View3.xib in Resources */ = {isa = PBXBuildFile; fileRef = 2BC873C41C1DEA8F00E32044 /* View3.xib */; };
		2BE1B34E1C23128E0061C894 /* Users.storyboard in Resources */ = {isa = PBXBuildFile; fileRef = 2BE1B34D1C23128E0061C894 /* Users.storyboard */; };
		2BE1B3521C2312DA0061C894 /* UsersTableViewController.swift in Sources */ = {isa = PBXBuildFile; fileRef = 2BE1B3511C2312DA0061C894 /* UsersTableViewController.swift */; };
		2BEE34BF1C21ABEB00AFA199 /* Bolts.framework in Frameworks */ = {isa = PBXBuildFile; fileRef = 2BEE34B81C21ABEB00AFA199 /* Bolts.framework */; };
		2BEE34C01C21ABEB00AFA199 /* Parse.framework in Frameworks */ = {isa = PBXBuildFile; fileRef = 2BEE34B91C21ABEB00AFA199 /* Parse.framework */; };
		2BEE34C11C21ABEB00AFA199 /* ParseCrashReporting.framework in Frameworks */ = {isa = PBXBuildFile; fileRef = 2BEE34BA1C21ABEB00AFA199 /* ParseCrashReporting.framework */; };
		2BEE34C21C21ABEB00AFA199 /* ParseFacebookUtils.framework in Frameworks */ = {isa = PBXBuildFile; fileRef = 2BEE34BB1C21ABEB00AFA199 /* ParseFacebookUtils.framework */; };
		2BEE34C31C21ABEB00AFA199 /* ParseFacebookUtilsV4.framework in Frameworks */ = {isa = PBXBuildFile; fileRef = 2BEE34BC1C21ABEB00AFA199 /* ParseFacebookUtilsV4.framework */; };
		2BEE34C41C21ABEB00AFA199 /* ParseTwitterUtils.framework in Frameworks */ = {isa = PBXBuildFile; fileRef = 2BEE34BD1C21ABEB00AFA199 /* ParseTwitterUtils.framework */; };
		2BEE34C51C21ABEB00AFA199 /* ParseUI.framework in Frameworks */ = {isa = PBXBuildFile; fileRef = 2BEE34BE1C21ABEB00AFA199 /* ParseUI.framework */; };
		2BEE34C71C21AC6700AFA199 /* AudioToolbox.framework in Frameworks */ = {isa = PBXBuildFile; fileRef = 2BEE34C61C21AC6700AFA199 /* AudioToolbox.framework */; };
		2BEE34C91C21AC6D00AFA199 /* CFNetwork.framework in Frameworks */ = {isa = PBXBuildFile; fileRef = 2BEE34C81C21AC6D00AFA199 /* CFNetwork.framework */; };
		2BEE34CB1C21AC7200AFA199 /* CoreGraphics.framework in Frameworks */ = {isa = PBXBuildFile; fileRef = 2BEE34CA1C21AC7200AFA199 /* CoreGraphics.framework */; };
		2BEE34CD1C21AC7800AFA199 /* CoreLocation.framework in Frameworks */ = {isa = PBXBuildFile; fileRef = 2BEE34CC1C21AC7800AFA199 /* CoreLocation.framework */; };
		2BEE34CF1C21AC7C00AFA199 /* QuartzCore.framework in Frameworks */ = {isa = PBXBuildFile; fileRef = 2BEE34CE1C21AC7C00AFA199 /* QuartzCore.framework */; };
		2BEE34D11C21AC8100AFA199 /* Security.framework in Frameworks */ = {isa = PBXBuildFile; fileRef = 2BEE34D01C21AC8100AFA199 /* Security.framework */; };
		2BEE34D31C21AC8600AFA199 /* StoreKit.framework in Frameworks */ = {isa = PBXBuildFile; fileRef = 2BEE34D21C21AC8600AFA199 /* StoreKit.framework */; };
		2BEE34D51C21AC9800AFA199 /* SystemConfiguration.framework in Frameworks */ = {isa = PBXBuildFile; fileRef = 2BEE34D41C21AC9800AFA199 /* SystemConfiguration.framework */; };
		2BEE34D71C21AC9F00AFA199 /* libz.tbd in Frameworks */ = {isa = PBXBuildFile; fileRef = 2BEE34D61C21AC9F00AFA199 /* libz.tbd */; };
		2BEE34D91C21ACA600AFA199 /* libsqlite3.tbd in Frameworks */ = {isa = PBXBuildFile; fileRef = 2BEE34D81C21ACA600AFA199 /* libsqlite3.tbd */; };
/* End PBXBuildFile section */

/* Begin PBXFileReference section */
		2BC873A31C1DE61C00E32044 /* ScrollableViews.app */ = {isa = PBXFileReference; explicitFileType = wrapper.application; includeInIndex = 0; path = ScrollableViews.app; sourceTree = BUILT_PRODUCTS_DIR; };
		2BC873A61C1DE61C00E32044 /* AppDelegate.swift */ = {isa = PBXFileReference; lastKnownFileType = sourcecode.swift; path = AppDelegate.swift; sourceTree = "<group>"; };
		2BC873A81C1DE61C00E32044 /* ViewController.swift */ = {isa = PBXFileReference; lastKnownFileType = sourcecode.swift; path = ViewController.swift; sourceTree = "<group>"; };
		2BC873AB1C1DE61C00E32044 /* Base */ = {isa = PBXFileReference; lastKnownFileType = file.storyboard; name = Base; path = Base.lproj/Main.storyboard; sourceTree = "<group>"; };
		2BC873AD1C1DE61D00E32044 /* Assets.xcassets */ = {isa = PBXFileReference; lastKnownFileType = folder.assetcatalog; path = Assets.xcassets; sourceTree = "<group>"; };
		2BC873B01C1DE61D00E32044 /* Base */ = {isa = PBXFileReference; lastKnownFileType = file.storyboard; name = Base; path = Base.lproj/LaunchScreen.storyboard; sourceTree = "<group>"; };
		2BC873B21C1DE61D00E32044 /* Info.plist */ = {isa = PBXFileReference; lastKnownFileType = text.plist.xml; path = Info.plist; sourceTree = "<group>"; };
		2BC873B81C1DE62D00E32044 /* View1.swift */ = {isa = PBXFileReference; fileEncoding = 4; lastKnownFileType = sourcecode.swift; path = View1.swift; sourceTree = "<group>"; };
		2BC873B91C1DE62D00E32044 /* View1.xib */ = {isa = PBXFileReference; fileEncoding = 4; lastKnownFileType = file.xib; path = View1.xib; sourceTree = "<group>"; };
		2BC873BE1C1DE87A00E32044 /* View2.swift */ = {isa = PBXFileReference; fileEncoding = 4; lastKnownFileType = sourcecode.swift; path = View2.swift; sourceTree = "<group>"; };
		2BC873BF1C1DE87A00E32044 /* View2.xib */ = {isa = PBXFileReference; fileEncoding = 4; lastKnownFileType = file.xib; path = View2.xib; sourceTree = "<group>"; };
		2BC873C31C1DEA8F00E32044 /* View3.swift */ = {isa = PBXFileReference; fileEncoding = 4; lastKnownFileType = sourcecode.swift; path = View3.swift; sourceTree = "<group>"; };
		2BC873C41C1DEA8F00E32044 /* View3.xib */ = {isa = PBXFileReference; fileEncoding = 4; lastKnownFileType = file.xib; path = View3.xib; sourceTree = "<group>"; };
		2BE1B34D1C23128E0061C894 /* Users.storyboard */ = {isa = PBXFileReference; fileEncoding = 4; lastKnownFileType = file.storyboard; path = Users.storyboard; sourceTree = "<group>"; };
		2BE1B3511C2312DA0061C894 /* UsersTableViewController.swift */ = {isa = PBXFileReference; fileEncoding = 4; lastKnownFileType = sourcecode.swift; name = UsersTableViewController.swift; path = ../UsersTableViewController.swift; sourceTree = "<group>"; };
		2BEE34B81C21ABEB00AFA199 /* Bolts.framework */ = {isa = PBXFileReference; lastKnownFileType = wrapper.framework; name = Bolts.framework; path = ../../../_resources/Frameworks/Parse/Bolts.framework; sourceTree = "<group>"; };
		2BEE34B91C21ABEB00AFA199 /* Parse.framework */ = {isa = PBXFileReference; lastKnownFileType = wrapper.framework; name = Parse.framework; path = ../../../_resources/Frameworks/Parse/Parse.framework; sourceTree = "<group>"; };
		2BEE34BA1C21ABEB00AFA199 /* ParseCrashReporting.framework */ = {isa = PBXFileReference; lastKnownFileType = wrapper.framework; name = ParseCrashReporting.framework; path = ../../../_resources/Frameworks/Parse/ParseCrashReporting.framework; sourceTree = "<group>"; };
		2BEE34BB1C21ABEB00AFA199 /* ParseFacebookUtils.framework */ = {isa = PBXFileReference; lastKnownFileType = wrapper.framework; name = ParseFacebookUtils.framework; path = ../../../_resources/Frameworks/Parse/ParseFacebookUtils.framework; sourceTree = "<group>"; };
		2BEE34BC1C21ABEB00AFA199 /* ParseFacebookUtilsV4.framework */ = {isa = PBXFileReference; lastKnownFileType = wrapper.framework; name = ParseFacebookUtilsV4.framework; path = ../../../_resources/Frameworks/Parse/ParseFacebookUtilsV4.framework; sourceTree = "<group>"; };
		2BEE34BD1C21ABEB00AFA199 /* ParseTwitterUtils.framework */ = {isa = PBXFileReference; lastKnownFileType = wrapper.framework; name = ParseTwitterUtils.framework; path = ../../../_resources/Frameworks/Parse/ParseTwitterUtils.framework; sourceTree = "<group>"; };
		2BEE34BE1C21ABEB00AFA199 /* ParseUI.framework */ = {isa = PBXFileReference; lastKnownFileType = wrapper.framework; name = ParseUI.framework; path = ../../../_resources/Frameworks/Parse/ParseUI.framework; sourceTree = "<group>"; };
		2BEE34C61C21AC6700AFA199 /* AudioToolbox.framework */ = {isa = PBXFileReference; lastKnownFileType = wrapper.framework; name = AudioToolbox.framework; path = System/Library/Frameworks/AudioToolbox.framework; sourceTree = SDKROOT; };
		2BEE34C81C21AC6D00AFA199 /* CFNetwork.framework */ = {isa = PBXFileReference; lastKnownFileType = wrapper.framework; name = CFNetwork.framework; path = System/Library/Frameworks/CFNetwork.framework; sourceTree = SDKROOT; };
		2BEE34CA1C21AC7200AFA199 /* CoreGraphics.framework */ = {isa = PBXFileReference; lastKnownFileType = wrapper.framework; name = CoreGraphics.framework; path = System/Library/Frameworks/CoreGraphics.framework; sourceTree = SDKROOT; };
		2BEE34CC1C21AC7800AFA199 /* CoreLocation.framework */ = {isa = PBXFileReference; lastKnownFileType = wrapper.framework; name = CoreLocation.framework; path = System/Library/Frameworks/CoreLocation.framework; sourceTree = SDKROOT; };
		2BEE34CE1C21AC7C00AFA199 /* QuartzCore.framework */ = {isa = PBXFileReference; lastKnownFileType = wrapper.framework; name = QuartzCore.framework; path = System/Library/Frameworks/QuartzCore.framework; sourceTree = SDKROOT; };
		2BEE34D01C21AC8100AFA199 /* Security.framework */ = {isa = PBXFileReference; lastKnownFileType = wrapper.framework; name = Security.framework; path = System/Library/Frameworks/Security.framework; sourceTree = SDKROOT; };
		2BEE34D21C21AC8600AFA199 /* StoreKit.framework */ = {isa = PBXFileReference; lastKnownFileType = wrapper.framework; name = StoreKit.framework; path = System/Library/Frameworks/StoreKit.framework; sourceTree = SDKROOT; };
		2BEE34D41C21AC9800AFA199 /* SystemConfiguration.framework */ = {isa = PBXFileReference; lastKnownFileType = wrapper.framework; name = SystemConfiguration.framework; path = System/Library/Frameworks/SystemConfiguration.framework; sourceTree = SDKROOT; };
		2BEE34D61C21AC9F00AFA199 /* libz.tbd */ = {isa = PBXFileReference; lastKnownFileType = "sourcecode.text-based-dylib-definition"; name = libz.tbd; path = usr/lib/libz.tbd; sourceTree = SDKROOT; };
		2BEE34D81C21ACA600AFA199 /* libsqlite3.tbd */ = {isa = PBXFileReference; lastKnownFileType = "sourcecode.text-based-dylib-definition"; name = libsqlite3.tbd; path = usr/lib/libsqlite3.tbd; sourceTree = SDKROOT; };
/* End PBXFileReference section */

/* Begin PBXFrameworksBuildPhase section */
		2BC873A01C1DE61C00E32044 /* Frameworks */ = {
			isa = PBXFrameworksBuildPhase;
			buildActionMask = 2147483647;
			files = (
				2BEE34D91C21ACA600AFA199 /* libsqlite3.tbd in Frameworks */,
				2BEE34D71C21AC9F00AFA199 /* libz.tbd in Frameworks */,
				2BEE34D51C21AC9800AFA199 /* SystemConfiguration.framework in Frameworks */,
				2BEE34D31C21AC8600AFA199 /* StoreKit.framework in Frameworks */,
				2BEE34D11C21AC8100AFA199 /* Security.framework in Frameworks */,
				2BEE34CF1C21AC7C00AFA199 /* QuartzCore.framework in Frameworks */,
				2BEE34CD1C21AC7800AFA199 /* CoreLocation.framework in Frameworks */,
				2BEE34CB1C21AC7200AFA199 /* CoreGraphics.framework in Frameworks */,
				2BEE34C91C21AC6D00AFA199 /* CFNetwork.framework in Frameworks */,
				2BEE34C71C21AC6700AFA199 /* AudioToolbox.framework in Frameworks */,
				2BEE34C01C21ABEB00AFA199 /* Parse.framework in Frameworks */,
				2BEE34C11C21ABEB00AFA199 /* ParseCrashReporting.framework in Frameworks */,
				2BEE34C51C21ABEB00AFA199 /* ParseUI.framework in Frameworks */,
				2BEE34C21C21ABEB00AFA199 /* ParseFacebookUtils.framework in Frameworks */,
				2BEE34BF1C21ABEB00AFA199 /* Bolts.framework in Frameworks */,
				2BEE34C41C21ABEB00AFA199 /* ParseTwitterUtils.framework in Frameworks */,
				2BEE34C31C21ABEB00AFA199 /* ParseFacebookUtilsV4.framework in Frameworks */,
			);
			runOnlyForDeploymentPostprocessing = 0;
		};
/* End PBXFrameworksBuildPhase section */

/* Begin PBXGroup section */
		2B7CDE191C1E386700604B03 /* Views */ = {
			isa = PBXGroup;
			children = (
				2BC873B81C1DE62D00E32044 /* View1.swift */,
				2BC873B91C1DE62D00E32044 /* View1.xib */,
				2BC873BE1C1DE87A00E32044 /* View2.swift */,
				2BC873BF1C1DE87A00E32044 /* View2.xib */,
				2BC873C31C1DEA8F00E32044 /* View3.swift */,
				2BC873C41C1DEA8F00E32044 /* View3.xib */,
			);
			name = Views;
			sourceTree = "<group>";
		};
		2BC8739A1C1DE61C00E32044 = {
			isa = PBXGroup;
			children = (
				2BC873A51C1DE61C00E32044 /* ScrollableViews */,
				2BC873A41C1DE61C00E32044 /* Products */,
				2BEE34B71C21ABC100AFA199 /* Frameworks */,
			);
			sourceTree = "<group>";
		};
		2BC873A41C1DE61C00E32044 /* Products */ = {
			isa = PBXGroup;
			children = (
				2BC873A31C1DE61C00E32044 /* ScrollableViews.app */,
			);
			name = Products;
			sourceTree = "<group>";
		};
		2BC873A51C1DE61C00E32044 /* ScrollableViews */ = {
			isa = PBXGroup;
			children = (
				2BC873A61C1DE61C00E32044 /* AppDelegate.swift */,
				2BC873C21C1DE89A00E32044 /* ViewControllers */,
				2BC873AA1C1DE61C00E32044 /* Main.storyboard */,
				2BE1B34D1C23128E0061C894 /* Users.storyboard */,
				2BC873AD1C1DE61D00E32044 /* Assets.xcassets */,
				2BC873AF1C1DE61D00E32044 /* LaunchScreen.storyboard */,
				2BC873B21C1DE61D00E32044 /* Info.plist */,
			);
			path = ScrollableViews;
			sourceTree = "<group>";
		};
		2BC873C21C1DE89A00E32044 /* ViewControllers */ = {
			isa = PBXGroup;
			children = (
				2BC873A81C1DE61C00E32044 /* ViewController.swift */,
				2B7CDE191C1E386700604B03 /* Views */,
				2BE1B3511C2312DA0061C894 /* UsersTableViewController.swift */,
			);
			name = ViewControllers;
			sourceTree = "<group>";
		};
		2BEE34B71C21ABC100AFA199 /* Frameworks */ = {
			isa = PBXGroup;
			children = (
				2BEE34D81C21ACA600AFA199 /* libsqlite3.tbd */,
				2BEE34D61C21AC9F00AFA199 /* libz.tbd */,
				2BEE34D41C21AC9800AFA199 /* SystemConfiguration.framework */,
				2BEE34D21C21AC8600AFA199 /* StoreKit.framework */,
				2BEE34D01C21AC8100AFA199 /* Security.framework */,
				2BEE34CE1C21AC7C00AFA199 /* QuartzCore.framework */,
				2BEE34CC1C21AC7800AFA199 /* CoreLocation.framework */,
				2BEE34CA1C21AC7200AFA199 /* CoreGraphics.framework */,
				2BEE34C81C21AC6D00AFA199 /* CFNetwork.framework */,
				2BEE34C61C21AC6700AFA199 /* AudioToolbox.framework */,
				2BEE34B81C21ABEB00AFA199 /* Bolts.framework */,
				2BEE34B91C21ABEB00AFA199 /* Parse.framework */,
				2BEE34BA1C21ABEB00AFA199 /* ParseCrashReporting.framework */,
				2BEE34BB1C21ABEB00AFA199 /* ParseFacebookUtils.framework */,
				2BEE34BC1C21ABEB00AFA199 /* ParseFacebookUtilsV4.framework */,
				2BEE34BD1C21ABEB00AFA199 /* ParseTwitterUtils.framework */,
				2BEE34BE1C21ABEB00AFA199 /* ParseUI.framework */,
			);
			name = Frameworks;
			path = ScrollableViews;
			sourceTree = "<group>";
		};
/* End PBXGroup section */

/* Begin PBXNativeTarget section */
		2BC873A21C1DE61C00E32044 /* ScrollableViews */ = {
			isa = PBXNativeTarget;
			buildConfigurationList = 2BC873B51C1DE61D00E32044 /* Build configuration list for PBXNativeTarget "ScrollableViews" */;
			buildPhases = (
				2BC8739F1C1DE61C00E32044 /* Sources */,
				2BC873A01C1DE61C00E32044 /* Frameworks */,
				2BC873A11C1DE61C00E32044 /* Resources */,
			);
			buildRules = (
			);
			dependencies = (
			);
			name = ScrollableViews;
			productName = ScrollableViews;
			productReference = 2BC873A31C1DE61C00E32044 /* ScrollableViews.app */;
			productType = "com.apple.product-type.application";
		};
/* End PBXNativeTarget section */

/* Begin PBXProject section */
		2BC8739B1C1DE61C00E32044 /* Project object */ = {
			isa = PBXProject;
			attributes = {
				LastSwiftUpdateCheck = 0710;
				LastUpgradeCheck = 0710;
				ORGANIZATIONNAME = "Joe E.";
				TargetAttributes = {
					2BC873A21C1DE61C00E32044 = {
						CreatedOnToolsVersion = 7.1.1;
					};
				};
			};
			buildConfigurationList = 2BC8739E1C1DE61C00E32044 /* Build configuration list for PBXProject "ScrollableViews" */;
			compatibilityVersion = "Xcode 3.2";
			developmentRegion = English;
			hasScannedForEncodings = 0;
			knownRegions = (
				en,
				Base,
			);
			mainGroup = 2BC8739A1C1DE61C00E32044;
			productRefGroup = 2BC873A41C1DE61C00E32044 /* Products */;
			projectDirPath = "";
			projectRoot = "";
			targets = (
				2BC873A21C1DE61C00E32044 /* ScrollableViews */,
			);
		};
/* End PBXProject section */

/* Begin PBXResourcesBuildPhase section */
		2BC873A11C1DE61C00E32044 /* Resources */ = {
			isa = PBXResourcesBuildPhase;
			buildActionMask = 2147483647;
			files = (
				2BE1B34E1C23128E0061C894 /* Users.storyboard in Resources */,
				2BC873B11C1DE61D00E32044 /* LaunchScreen.storyboard in Resources */,
				2BC873AE1C1DE61D00E32044 /* Assets.xcassets in Resources */,
				2BC873C61C1DEA8F00E32044 /* View3.xib in Resources */,
				2BC873BB1C1DE62D00E32044 /* View1.xib in Resources */,
				2BC873C11C1DE87A00E32044 /* View2.xib in Resources */,
				2BC873AC1C1DE61C00E32044 /* Main.storyboard in Resources */,
			);
			runOnlyForDeploymentPostprocessing = 0;
		};
/* End PBXResourcesBuildPhase section */

/* Begin PBXSourcesBuildPhase section */
		2BC8739F1C1DE61C00E32044 /* Sources */ = {
			isa = PBXSourcesBuildPhase;
			buildActionMask = 2147483647;
			files = (
				2BC873A91C1DE61C00E32044 /* ViewController.swift in Sources */,
				2BC873C51C1DEA8F00E32044 /* View3.swift in Sources */,
				2BE1B3521C2312DA0061C894 /* UsersTableViewController.swift in Sources */,
				2BC873BA1C1DE62D00E32044 /* View1.swift in Sources */,
				2BC873A71C1DE61C00E32044 /* AppDelegate.swift in Sources */,
				2BC873C01C1DE87A00E32044 /* View2.swift in Sources */,
			);
			runOnlyForDeploymentPostprocessing = 0;
		};
/* End PBXSourcesBuildPhase section */

/* Begin PBXVariantGroup section */
		2BC873AA1C1DE61C00E32044 /* Main.storyboard */ = {
			isa = PBXVariantGroup;
			children = (
				2BC873AB1C1DE61C00E32044 /* Base */,
			);
			name = Main.storyboard;
			sourceTree = "<group>";
		};
		2BC873AF1C1DE61D00E32044 /* LaunchScreen.storyboard */ = {
			isa = PBXVariantGroup;
			children = (
				2BC873B01C1DE61D00E32044 /* Base */,
			);
			name = LaunchScreen.storyboard;
			sourceTree = "<group>";
		};
/* End PBXVariantGroup section */

/* Begin XCBuildConfiguration section */
		2BC873B31C1DE61D00E32044 /* Debug */ = {
			isa = XCBuildConfiguration;
			buildSettings = {
				ALWAYS_SEARCH_USER_PATHS = NO;
				CLANG_CXX_LANGUAGE_STANDARD = "gnu++0x";
				CLANG_CXX_LIBRARY = "libc++";
				CLANG_ENABLE_MODULES = YES;
				CLANG_ENABLE_OBJC_ARC = YES;
				CLANG_WARN_BOOL_CONVERSION = YES;
				CLANG_WARN_CONSTANT_CONVERSION = YES;
				CLANG_WARN_DIRECT_OBJC_ISA_USAGE = YES_ERROR;
				CLANG_WARN_EMPTY_BODY = YES;
				CLANG_WARN_ENUM_CONVERSION = YES;
				CLANG_WARN_INT_CONVERSION = YES;
				CLANG_WARN_OBJC_ROOT_CLASS = YES_ERROR;
				CLANG_WARN_UNREACHABLE_CODE = YES;
				CLANG_WARN__DUPLICATE_METHOD_MATCH = YES;
				"CODE_SIGN_IDENTITY[sdk=iphoneos*]" = "iPhone Developer";
				COPY_PHASE_STRIP = NO;
				DEBUG_INFORMATION_FORMAT = dwarf;
				ENABLE_STRICT_OBJC_MSGSEND = YES;
				ENABLE_TESTABILITY = YES;
				GCC_C_LANGUAGE_STANDARD = gnu99;
				GCC_DYNAMIC_NO_PIC = NO;
				GCC_NO_COMMON_BLOCKS = YES;
				GCC_OPTIMIZATION_LEVEL = 0;
				GCC_PREPROCESSOR_DEFINITIONS = (
					"DEBUG=1",
					"$(inherited)",
				);
				GCC_WARN_64_TO_32_BIT_CONVERSION = YES;
				GCC_WARN_ABOUT_RETURN_TYPE = YES_ERROR;
				GCC_WARN_UNDECLARED_SELECTOR = YES;
				GCC_WARN_UNINITIALIZED_AUTOS = YES_AGGRESSIVE;
				GCC_WARN_UNUSED_FUNCTION = YES;
				GCC_WARN_UNUSED_VARIABLE = YES;
				IPHONEOS_DEPLOYMENT_TARGET = 9.1;
				MTL_ENABLE_DEBUG_INFO = YES;
				ONLY_ACTIVE_ARCH = YES;
				SDKROOT = iphoneos;
				SWIFT_OPTIMIZATION_LEVEL = "-Onone";
			};
			name = Debug;
		};
		2BC873B41C1DE61D00E32044 /* Release */ = {
			isa = XCBuildConfiguration;
			buildSettings = {
				ALWAYS_SEARCH_USER_PATHS = NO;
				CLANG_CXX_LANGUAGE_STANDARD = "gnu++0x";
				CLANG_CXX_LIBRARY = "libc++";
				CLANG_ENABLE_MODULES = YES;
				CLANG_ENABLE_OBJC_ARC = YES;
				CLANG_WARN_BOOL_CONVERSION = YES;
				CLANG_WARN_CONSTANT_CONVERSION = YES;
				CLANG_WARN_DIRECT_OBJC_ISA_USAGE = YES_ERROR;
				CLANG_WARN_EMPTY_BODY = YES;
				CLANG_WARN_ENUM_CONVERSION = YES;
				CLANG_WARN_INT_CONVERSION = YES;
				CLANG_WARN_OBJC_ROOT_CLASS = YES_ERROR;
				CLANG_WARN_UNREACHABLE_CODE = YES;
				CLANG_WARN__DUPLICATE_METHOD_MATCH = YES;
				"CODE_SIGN_IDENTITY[sdk=iphoneos*]" = "iPhone Developer";
				COPY_PHASE_STRIP = NO;
				DEBUG_INFORMATION_FORMAT = "dwarf-with-dsym";
				ENABLE_NS_ASSERTIONS = NO;
				ENABLE_STRICT_OBJC_MSGSEND = YES;
				GCC_C_LANGUAGE_STANDARD = gnu99;
				GCC_NO_COMMON_BLOCKS = YES;
				GCC_WARN_64_TO_32_BIT_CONVERSION = YES;
				GCC_WARN_ABOUT_RETURN_TYPE = YES_ERROR;
				GCC_WARN_UNDECLARED_SELECTOR = YES;
				GCC_WARN_UNINITIALIZED_AUTOS = YES_AGGRESSIVE;
				GCC_WARN_UNUSED_FUNCTION = YES;
				GCC_WARN_UNUSED_VARIABLE = YES;
				IPHONEOS_DEPLOYMENT_TARGET = 9.1;
				MTL_ENABLE_DEBUG_INFO = NO;
				SDKROOT = iphoneos;
				VALIDATE_PRODUCT = YES;
			};
			name = Release;
		};
		2BC873B61C1DE61D00E32044 /* Debug */ = {
			isa = XCBuildConfiguration;
			buildSettings = {
				ALWAYS_SEARCH_USER_PATHS = YES;
				ASSETCATALOG_COMPILER_APPICON_NAME = AppIcon;
				FRAMEWORK_SEARCH_PATHS = "/Users/JE4440/Development/_resources/Frameworks/**";
				FRAMEWORK_VERSION = "";
				INFOPLIST_FILE = ScrollableViews/Info.plist;
				IPHONEOS_DEPLOYMENT_TARGET = 9.0;
				LD_RUNPATH_SEARCH_PATHS = "$(inherited) @executable_path/Frameworks";
				PRODUCT_BUNDLE_IDENTIFIER = com.Montchat.ScrollableViews;
				PRODUCT_NAME = "$(TARGET_NAME)";
			};
			name = Debug;
		};
		2BC873B71C1DE61D00E32044 /* Release */ = {
			isa = XCBuildConfiguration;
			buildSettings = {
				ALWAYS_SEARCH_USER_PATHS = YES;
				ASSETCATALOG_COMPILER_APPICON_NAME = AppIcon;
				FRAMEWORK_SEARCH_PATHS = "/Users/JE4440/Development/_resources/Frameworks/**";
				FRAMEWORK_VERSION = "";
				INFOPLIST_FILE = ScrollableViews/Info.plist;
				IPHONEOS_DEPLOYMENT_TARGET = 9.0;
				LD_RUNPATH_SEARCH_PATHS = "$(inherited) @executable_path/Frameworks";
				PRODUCT_BUNDLE_IDENTIFIER = com.Montchat.ScrollableViews;
				PRODUCT_NAME = "$(TARGET_NAME)";
			};
			name = Release;
		};
/* End XCBuildConfiguration section */

/* Begin XCConfigurationList section */
		2BC8739E1C1DE61C00E32044 /* Build configuration list for PBXProject "ScrollableViews" */ = {
			isa = XCConfigurationList;
			buildConfigurations = (
				2BC873B31C1DE61D00E32044 /* Debug */,
				2BC873B41C1DE61D00E32044 /* Release */,
			);
			defaultConfigurationIsVisible = 0;
			defaultConfigurationName = Release;
		};
		2BC873B51C1DE61D00E32044 /* Build configuration list for PBXNativeTarget "ScrollableViews" */ = {
			isa = XCConfigurationList;
			buildConfigurations = (
				2BC873B61C1DE61D00E32044 /* Debug */,
				2BC873B71C1DE61D00E32044 /* Release */,
			);
			defaultConfigurationIsVisible = 0;
			defaultConfigurationName = Release;
		};
/* End XCConfigurationList section */
	};
	rootObject = 2BC8739B1C1DE61C00E32044 /* Project object */;
}
